dependencies:
- name: common
  repository: https://charts.bitnami.com/bitnami
  version: 1.14.0
- name: postgresql
  repository: https://charts.bitnami.com/bitnami
  version: 11.1.26
digest: sha256:c3a0caec9607c59463df69d919ebd64e59c756807e4f462c2504652e40275bc6
generated: "2022-05-17T18:01:54.517425447Z"
