dependencies:
- name: common
  repository: https://charts.bitnami.com/bitnami
  version: 1.13.1
- name: postgresql
  repository: https://charts.bitnami.com/bitnami
  version: 11.2.3
digest: sha256:7fdd8ea1d6221eb09401490f9dbac864188864745429c650c63ea9f5a6dcf9b8
generated: "2022-05-17T18:02:54.618209157Z"
